
Microsoft Visual Studio Solution File, Format Version 12.00
# Visual Studio Version 17
VisualStudioVersion = 17.8.34330.188
MinimumVisualStudioVersion = 10.0.40219.1
Project("{FAE04EC0-301F-11D3-BF4B-00C04F79EFBC}") = "RawTextImporter", "RawTextImporter.csproj", "{BBA2069A-A280-4274-94F1-C9A249EA4FF7}"
EndProject
Global
	GlobalSection(SolutionConfigurationPlatforms) = preSolution
		Debug|Any CPU = Debug|Any CPU
		Release|Any CPU = Release|Any CPU
	EndGlobalSection
	GlobalSection(ProjectConfigurationPlatforms) = postSolution
		{BBA2069A-A280-4274-94F1-C9A249EA4FF7}.Debug|Any CPU.ActiveCfg = Debug|Any CPU
		{BBA2069A-A280-4274-94F1-C9A249EA4FF7}.Debug|Any CPU.Build.0 = Debug|Any CPU
		{BBA2069A-A280-4274-94F1-C9A249EA4FF7}.Release|Any CPU.ActiveCfg = Release|Any CPU
		{BBA2069A-A280-4274-94F1-C9A249EA4FF7}.Release|Any CPU.Build.0 = Release|Any CPU
	EndGlobalSection
	GlobalSection(SolutionProperties) = preSolution
		HideSolutionNode = FALSE
	EndGlobalSection
	GlobalSection(ExtensibilityGlobals) = postSolution
		SolutionGuid = {5778C00D-9592-4C3B-9144-7369F813F4C7}
	EndGlobalSection
EndGlobal
